
Microsoft Visual Studio Solution File, Format Version 12.00
# Visual Studio 15
VisualStudioVersion = 15.0.26730.12
MinimumVisualStudioVersion = 10.0.40219.1
Project("{FAE04EC0-301F-11D3-BF4B-00C04F79EFBC}") = "i01dew", "i01dew\i01dew.csproj", "{51EB554A-F134-4EE9-BD56-75AC44410E4F}"
EndProject
Global
	GlobalSection(SolutionConfigurationPlatforms) = preSolution
		Debug|Any CPU = Debug|Any CPU
		Release|Any CPU = Release|Any CPU
	EndGlobalSection
	GlobalSection(ProjectConfigurationPlatforms) = postSolution
		{51EB554A-F134-4EE9-BD56-75AC44410E4F}.Debug|Any CPU.ActiveCfg = Debug|Any CPU
		{51EB554A-F134-4EE9-BD56-75AC44410E4F}.Debug|Any CPU.Build.0 = Debug|Any CPU
		{51EB554A-F134-4EE9-BD56-75AC44410E4F}.Release|Any CPU.ActiveCfg = Release|Any CPU
		{51EB554A-F134-4EE9-BD56-75AC44410E4F}.Release|Any CPU.Build.0 = Release|Any CPU
	EndGlobalSection
	GlobalSection(SolutionProperties) = preSolution
		HideSolutionNode = FALSE
	EndGlobalSection
	GlobalSection(ExtensibilityGlobals) = postSolution
		SolutionGuid = {BD6145DE-D718-4144-A1AC-3D1A32B71AF8}
	EndGlobalSection
EndGlobal
